
Microsoft Visual Studio Solution File, Format Version 12.00
# Visual Studio Version 17
VisualStudioVersion = 17.5.002.0
MinimumVisualStudioVersion = 10.0.40219.1
Project("{9A19103F-16F7-4668-BE54-9A1E7A4F7556}") = "api", "api.csproj", "{05B5DA63-236A-46C3-9F20-C7FF494D9226}"
EndProject
Global
	GlobalSection(SolutionConfigurationPlatforms) = preSolution
		Debug|Any CPU = Debug|Any CPU
		Release|Any CPU = Release|Any CPU
	EndGlobalSection
	GlobalSection(ProjectConfigurationPlatforms) = postSolution
		{05B5DA63-236A-46C3-9F20-C7FF494D9226}.Debug|Any CPU.ActiveCfg = Debug|Any CPU
		{05B5DA63-236A-46C3-9F20-C7FF494D9226}.Debug|Any CPU.Build.0 = Debug|Any CPU
		{05B5DA63-236A-46C3-9F20-C7FF494D9226}.Release|Any CPU.ActiveCfg = Release|Any CPU
		{05B5DA63-236A-46C3-9F20-C7FF494D9226}.Release|Any CPU.Build.0 = Release|Any CPU
	EndGlobalSection
	GlobalSection(SolutionProperties) = preSolution
		HideSolutionNode = FALSE
	EndGlobalSection
	GlobalSection(ExtensibilityGlobals) = postSolution
		SolutionGuid = {6C1DAAE9-E3D3-4FFD-AB26-CDE6DAF54D15}
	EndGlobalSection
EndGlobal
